
Microsoft Visual Studio Solution File, Format Version 12.00
# Visual Studio 15
VisualStudioVersion = 15.0.27004.2005
MinimumVisualStudioVersion = 10.0.40219.1
Project("{9A19103F-16F7-4668-BE54-9A1E7A4F7556}") = "recru_it", "recru_it.csproj", "{147FBAAE-4DBC-4538-80A4-D85EF13BC420}"
EndProject
Global
	GlobalSection(SolutionConfigurationPlatforms) = preSolution
		Debug|Any CPU = Debug|Any CPU
		Release|Any CPU = Release|Any CPU
	EndGlobalSection
	GlobalSection(ProjectConfigurationPlatforms) = postSolution
		{147FBAAE-4DBC-4538-80A4-D85EF13BC420}.Debug|Any CPU.ActiveCfg = Debug|Any CPU
		{147FBAAE-4DBC-4538-80A4-D85EF13BC420}.Debug|Any CPU.Build.0 = Debug|Any CPU
		{147FBAAE-4DBC-4538-80A4-D85EF13BC420}.Release|Any CPU.ActiveCfg = Release|Any CPU
		{147FBAAE-4DBC-4538-80A4-D85EF13BC420}.Release|Any CPU.Build.0 = Release|Any CPU
	EndGlobalSection
	GlobalSection(SolutionProperties) = preSolution
		HideSolutionNode = FALSE
	EndGlobalSection
	GlobalSection(ExtensibilityGlobals) = postSolution
		SolutionGuid = {B5A9C1C2-D3B5-497A-967B-150D063B549A}
	EndGlobalSection
EndGlobal
